
Microsoft Visual Studio Solution File, Format Version 12.00
Project("{FAE04EC0-301F-11D3-BF4B-00C04F79EFBC}") = "App", "src\App\App.csproj", "{551C1ABB-B5FF-446C-BAE8-B348132EEE41}"
EndProject
Project("{FAE04EC0-301F-11D3-BF4B-00C04F79EFBC}") = "UnitTests", "test\UnitTests\UnitTests.csproj", "{A4825276-0207-4919-8F7F-AC7462132C78}"
EndProject
Global
	GlobalSection(SolutionConfigurationPlatforms) = preSolution
		Debug|Any CPU = Debug|Any CPU
		Release|Any CPU = Release|Any CPU
	EndGlobalSection
	GlobalSection(ProjectConfigurationPlatforms) = postSolution
		{551C1ABB-B5FF-446C-BAE8-B348132EEE41}.Debug|Any CPU.ActiveCfg = Debug|Any CPU
		{551C1ABB-B5FF-446C-BAE8-B348132EEE41}.Debug|Any CPU.Build.0 = Debug|Any CPU
		{551C1ABB-B5FF-446C-BAE8-B348132EEE41}.Release|Any CPU.ActiveCfg = Release|Any CPU
		{551C1ABB-B5FF-446C-BAE8-B348132EEE41}.Release|Any CPU.Build.0 = Release|Any CPU
		{A4825276-0207-4919-8F7F-AC7462132C78}.Debug|Any CPU.ActiveCfg = Debug|Any CPU
		{A4825276-0207-4919-8F7F-AC7462132C78}.Debug|Any CPU.Build.0 = Debug|Any CPU
		{A4825276-0207-4919-8F7F-AC7462132C78}.Release|Any CPU.ActiveCfg = Release|Any CPU
		{A4825276-0207-4919-8F7F-AC7462132C78}.Release|Any CPU.Build.0 = Release|Any CPU
	EndGlobalSection
EndGlobal
